
Microsoft Visual Studio Solution File, Format Version 12.00
# Visual Studio Version 16
VisualStudioVersion = 16.0.31313.79
MinimumVisualStudioVersion = 10.0.40219.1
Project("{FAE04EC0-301F-11D3-BF4B-00C04F79EFBC}") = "tp5---2021-rubenguzman48Ejercicio2", "tp5---2021-rubenguzman48Ejercicio2\tp5---2021-rubenguzman48Ejercicio2.csproj", "{8AFD6220-9A0D-438E-8908-5042F003B4D4}"
EndProject
Global
	GlobalSection(SolutionConfigurationPlatforms) = preSolution
		Debug|Any CPU = Debug|Any CPU
		Release|Any CPU = Release|Any CPU
	EndGlobalSection
	GlobalSection(ProjectConfigurationPlatforms) = postSolution
		{8AFD6220-9A0D-438E-8908-5042F003B4D4}.Debug|Any CPU.ActiveCfg = Debug|Any CPU
		{8AFD6220-9A0D-438E-8908-5042F003B4D4}.Debug|Any CPU.Build.0 = Debug|Any CPU
		{8AFD6220-9A0D-438E-8908-5042F003B4D4}.Release|Any CPU.ActiveCfg = Release|Any CPU
		{8AFD6220-9A0D-438E-8908-5042F003B4D4}.Release|Any CPU.Build.0 = Release|Any CPU
	EndGlobalSection
	GlobalSection(SolutionProperties) = preSolution
		HideSolutionNode = FALSE
	EndGlobalSection
	GlobalSection(ExtensibilityGlobals) = postSolution
		SolutionGuid = {5DE1CB5D-1A53-4186-8905-8A5DA7860CB6}
	EndGlobalSection
EndGlobal
