
Microsoft Visual Studio Solution File, Format Version 12.00
# Visual Studio Version 16
VisualStudioVersion = 16.0.31313.79
MinimumVisualStudioVersion = 10.0.40219.1
Project("{FAE04EC0-301F-11D3-BF4B-00C04F79EFBC}") = "tp5---2021-rubenguzman48Ejercicio1", "tp5---2021-rubenguzman48Ejercicio1\tp5---2021-rubenguzman48Ejercicio1.csproj", "{3839876C-96B4-4D3A-8B56-8CF2F9942AD5}"
EndProject
Global
	GlobalSection(SolutionConfigurationPlatforms) = preSolution
		Debug|Any CPU = Debug|Any CPU
		Release|Any CPU = Release|Any CPU
	EndGlobalSection
	GlobalSection(ProjectConfigurationPlatforms) = postSolution
		{3839876C-96B4-4D3A-8B56-8CF2F9942AD5}.Debug|Any CPU.ActiveCfg = Debug|Any CPU
		{3839876C-96B4-4D3A-8B56-8CF2F9942AD5}.Debug|Any CPU.Build.0 = Debug|Any CPU
		{3839876C-96B4-4D3A-8B56-8CF2F9942AD5}.Release|Any CPU.ActiveCfg = Release|Any CPU
		{3839876C-96B4-4D3A-8B56-8CF2F9942AD5}.Release|Any CPU.Build.0 = Release|Any CPU
	EndGlobalSection
	GlobalSection(SolutionProperties) = preSolution
		HideSolutionNode = FALSE
	EndGlobalSection
	GlobalSection(ExtensibilityGlobals) = postSolution
		SolutionGuid = {BC83B9C4-3DD6-4ABE-B4FE-46CCD1497BCD}
	EndGlobalSection
EndGlobal
